
Microsoft Visual Studio Solution File, Format Version 12.00
# Visual Studio Version 16
VisualStudioVersion = 16.0.28803.156
MinimumVisualStudioVersion = 10.0.40219.1
Project("{FAE04EC0-301F-11D3-BF4B-00C04F79EFBC}") = "es.helper", "es.helper\es.helper.csproj", "{E03199B7-34AD-4DDE-A94E-FDBA91DBB90C}"
EndProject
Global
	GlobalSection(SolutionConfigurationPlatforms) = preSolution
		Debug|Any CPU = Debug|Any CPU
		Release|Any CPU = Release|Any CPU
	EndGlobalSection
	GlobalSection(ProjectConfigurationPlatforms) = postSolution
		{E03199B7-34AD-4DDE-A94E-FDBA91DBB90C}.Debug|Any CPU.ActiveCfg = Debug|Any CPU
		{E03199B7-34AD-4DDE-A94E-FDBA91DBB90C}.Debug|Any CPU.Build.0 = Debug|Any CPU
		{E03199B7-34AD-4DDE-A94E-FDBA91DBB90C}.Release|Any CPU.ActiveCfg = Release|Any CPU
		{E03199B7-34AD-4DDE-A94E-FDBA91DBB90C}.Release|Any CPU.Build.0 = Release|Any CPU
	EndGlobalSection
	GlobalSection(SolutionProperties) = preSolution
		HideSolutionNode = FALSE
	EndGlobalSection
	GlobalSection(ExtensibilityGlobals) = postSolution
		SolutionGuid = {18463B79-64B7-459D-8193-620A7D35762C}
	EndGlobalSection
EndGlobal
